// !$*UTF8*$!
{
	archiveVersion = 1;
	classes = {
	};
	objectVersion = 46;
	objects = {

/* Begin PBXBuildFile section */
		101F4F211D2A0D4A00AF1DF6 /* PhotoCollectionViewCell.swift in Sources */ = {isa = PBXBuildFile; fileRef = 101F4F201D2A0D4A00AF1DF6 /* PhotoCollectionViewCell.swift */; };
		10233B201D2792DC00103F57 /* AppDelegate.swift in Sources */ = {isa = PBXBuildFile; fileRef = 10233B1F1D2792DC00103F57 /* AppDelegate.swift */; };
		10233B251D2792DC00103F57 /* Main.storyboard in Resources */ = {isa = PBXBuildFile; fileRef = 10233B231D2792DC00103F57 /* Main.storyboard */; };
		10233B271D2792DC00103F57 /* Assets.xcassets in Resources */ = {isa = PBXBuildFile; fileRef = 10233B261D2792DC00103F57 /* Assets.xcassets */; };
		10233B2A1D2792DC00103F57 /* LaunchScreen.storyboard in Resources */ = {isa = PBXBuildFile; fileRef = 10233B281D2792DC00103F57 /* LaunchScreen.storyboard */; };
		10233B351D2792DC00103F57 /* VirtualTouristsTests.swift in Sources */ = {isa = PBXBuildFile; fileRef = 10233B341D2792DC00103F57 /* VirtualTouristsTests.swift */; };
		10233B401D2792DC00103F57 /* VirtualTouristsUITests.swift in Sources */ = {isa = PBXBuildFile; fileRef = 10233B3F1D2792DC00103F57 /* VirtualTouristsUITests.swift */; };
		10233B4E1D2793F400103F57 /* MapViewController.swift in Sources */ = {isa = PBXBuildFile; fileRef = 10233B4D1D2793F400103F57 /* MapViewController.swift */; };
		10233B521D27CB9700103F57 /* FlickrConstants.swift in Sources */ = {isa = PBXBuildFile; fileRef = 10233B511D27CB9700103F57 /* FlickrConstants.swift */; };
		10233B541D27D0A900103F57 /* FlickrRequest.swift in Sources */ = {isa = PBXBuildFile; fileRef = 10233B531D27D0A900103F57 /* FlickrRequest.swift */; };
		10233B571D27E03B00103F57 /* Model.xcdatamodeld in Sources */ = {isa = PBXBuildFile; fileRef = 10233B551D27E03B00103F57 /* Model.xcdatamodeld */; };
		10233B591D27E16100103F57 /* CoreDataStack.swift in Sources */ = {isa = PBXBuildFile; fileRef = 10233B581D27E16100103F57 /* CoreDataStack.swift */; };
		10233B6B1D2865A600103F57 /* FlickrClient.swift in Sources */ = {isa = PBXBuildFile; fileRef = 10233B6A1D2865A600103F57 /* FlickrClient.swift */; };
		10233B6E1D287A4C00103F57 /* PhotoAlbumViewController.swift in Sources */ = {isa = PBXBuildFile; fileRef = 10233B6D1D287A4C00103F57 /* PhotoAlbumViewController.swift */; };
		10C8209E1D2E53A900811671 /* ImageCache.swift in Sources */ = {isa = PBXBuildFile; fileRef = 10C8209D1D2E53A900811671 /* ImageCache.swift */; };
		10C820A31D2E610000811671 /* Location+CoreDataProperties.swift in Sources */ = {isa = PBXBuildFile; fileRef = 10C8209F1D2E610000811671 /* Location+CoreDataProperties.swift */; };
		10C820A41D2E610000811671 /* Location.swift in Sources */ = {isa = PBXBuildFile; fileRef = 10C820A01D2E610000811671 /* Location.swift */; };
		10C820A51D2E610000811671 /* Photo+CoreDataProperties.swift in Sources */ = {isa = PBXBuildFile; fileRef = 10C820A11D2E610000811671 /* Photo+CoreDataProperties.swift */; };
		10C820A61D2E610000811671 /* Photo.swift in Sources */ = {isa = PBXBuildFile; fileRef = 10C820A21D2E610000811671 /* Photo.swift */; };
/* End PBXBuildFile section */

/* Begin PBXContainerItemProxy section */
		10233B311D2792DC00103F57 /* PBXContainerItemProxy */ = {
			isa = PBXContainerItemProxy;
			containerPortal = 10233B141D2792DC00103F57 /* Project object */;
			proxyType = 1;
			remoteGlobalIDString = 10233B1B1D2792DC00103F57;
			remoteInfo = VirtualTourists;
		};
		10233B3C1D2792DC00103F57 /* PBXContainerItemProxy */ = {
			isa = PBXContainerItemProxy;
			containerPortal = 10233B141D2792DC00103F57 /* Project object */;
			proxyType = 1;
			remoteGlobalIDString = 10233B1B1D2792DC00103F57;
			remoteInfo = VirtualTourists;
		};
/* End PBXContainerItemProxy section */

/* Begin PBXFileReference section */
		101F4F201D2A0D4A00AF1DF6 /* PhotoCollectionViewCell.swift */ = {isa = PBXFileReference; fileEncoding = 4; lastKnownFileType = sourcecode.swift; path = PhotoCollectionViewCell.swift; sourceTree = "<group>"; };
		101F4F221D2A5B9E00AF1DF6 /* Model 2.xcdatamodel */ = {isa = PBXFileReference; lastKnownFileType = wrapper.xcdatamodel; path = "Model 2.xcdatamodel"; sourceTree = "<group>"; };
		10233B1C1D2792DC00103F57 /* VirtualTourists.app */ = {isa = PBXFileReference; explicitFileType = wrapper.application; includeInIndex = 0; path = VirtualTourists.app; sourceTree = BUILT_PRODUCTS_DIR; };
		10233B1F1D2792DC00103F57 /* AppDelegate.swift */ = {isa = PBXFileReference; lastKnownFileType = sourcecode.swift; path = AppDelegate.swift; sourceTree = "<group>"; };
		10233B241D2792DC00103F57 /* Base */ = {isa = PBXFileReference; lastKnownFileType = file.storyboard; name = Base; path = Base.lproj/Main.storyboard; sourceTree = "<group>"; };
		10233B261D2792DC00103F57 /* Assets.xcassets */ = {isa = PBXFileReference; lastKnownFileType = folder.assetcatalog; path = Assets.xcassets; sourceTree = "<group>"; };
		10233B291D2792DC00103F57 /* Base */ = {isa = PBXFileReference; lastKnownFileType = file.storyboard; name = Base; path = Base.lproj/LaunchScreen.storyboard; sourceTree = "<group>"; };
		10233B2B1D2792DC00103F57 /* Info.plist */ = {isa = PBXFileReference; lastKnownFileType = text.plist.xml; path = Info.plist; sourceTree = "<group>"; };
		10233B301D2792DC00103F57 /* VirtualTouristsTests.xctest */ = {isa = PBXFileReference; explicitFileType = wrapper.cfbundle; includeInIndex = 0; path = VirtualTouristsTests.xctest; sourceTree = BUILT_PRODUCTS_DIR; };
		10233B341D2792DC00103F57 /* VirtualTouristsTests.swift */ = {isa = PBXFileReference; lastKnownFileType = sourcecode.swift; path = VirtualTouristsTests.swift; sourceTree = "<group>"; };
		10233B361D2792DC00103F57 /* Info.plist */ = {isa = PBXFileReference; lastKnownFileType = text.plist.xml; path = Info.plist; sourceTree = "<group>"; };
		10233B3B1D2792DC00103F57 /* VirtualTouristsUITests.xctest */ = {isa = PBXFileReference; explicitFileType = wrapper.cfbundle; includeInIndex = 0; path = VirtualTouristsUITests.xctest; sourceTree = BUILT_PRODUCTS_DIR; };
		10233B3F1D2792DC00103F57 /* VirtualTouristsUITests.swift */ = {isa = PBXFileReference; lastKnownFileType = sourcecode.swift; path = VirtualTouristsUITests.swift; sourceTree = "<group>"; };
		10233B411D2792DC00103F57 /* Info.plist */ = {isa = PBXFileReference; lastKnownFileType = text.plist.xml; path = Info.plist; sourceTree = "<group>"; };
		10233B4D1D2793F400103F57 /* MapViewController.swift */ = {isa = PBXFileReference; fileEncoding = 4; lastKnownFileType = sourcecode.swift; path = MapViewController.swift; sourceTree = "<group>"; };
		10233B511D27CB9700103F57 /* FlickrConstants.swift */ = {isa = PBXFileReference; fileEncoding = 4; lastKnownFileType = sourcecode.swift; path = FlickrConstants.swift; sourceTree = "<group>"; };
		10233B531D27D0A900103F57 /* FlickrRequest.swift */ = {isa = PBXFileReference; fileEncoding = 4; lastKnownFileType = sourcecode.swift; path = FlickrRequest.swift; sourceTree = "<group>"; };
		10233B561D27E03B00103F57 /* Model.xcdatamodel */ = {isa = PBXFileReference; lastKnownFileType = wrapper.xcdatamodel; path = Model.xcdatamodel; sourceTree = "<group>"; };
		10233B581D27E16100103F57 /* CoreDataStack.swift */ = {isa = PBXFileReference; fileEncoding = 4; lastKnownFileType = sourcecode.swift; path = CoreDataStack.swift; sourceTree = "<group>"; };
		10233B6A1D2865A600103F57 /* FlickrClient.swift */ = {isa = PBXFileReference; fileEncoding = 4; lastKnownFileType = sourcecode.swift; path = FlickrClient.swift; sourceTree = "<group>"; };
		10233B6D1D287A4C00103F57 /* PhotoAlbumViewController.swift */ = {isa = PBXFileReference; fileEncoding = 4; lastKnownFileType = sourcecode.swift; path = PhotoAlbumViewController.swift; sourceTree = "<group>"; };
		10C8209D1D2E53A900811671 /* ImageCache.swift */ = {isa = PBXFileReference; fileEncoding = 4; lastKnownFileType = sourcecode.swift; path = ImageCache.swift; sourceTree = "<group>"; };
		10C8209F1D2E610000811671 /* Location+CoreDataProperties.swift */ = {isa = PBXFileReference; fileEncoding = 4; lastKnownFileType = sourcecode.swift; path = "Location+CoreDataProperties.swift"; sourceTree = "<group>"; };
		10C820A01D2E610000811671 /* Location.swift */ = {isa = PBXFileReference; fileEncoding = 4; lastKnownFileType = sourcecode.swift; path = Location.swift; sourceTree = "<group>"; };
		10C820A11D2E610000811671 /* Photo+CoreDataProperties.swift */ = {isa = PBXFileReference; fileEncoding = 4; lastKnownFileType = sourcecode.swift; path = "Photo+CoreDataProperties.swift"; sourceTree = "<group>"; };
		10C820A21D2E610000811671 /* Photo.swift */ = {isa = PBXFileReference; fileEncoding = 4; lastKnownFileType = sourcecode.swift; path = Photo.swift; sourceTree = "<group>"; };
/* End PBXFileReference section */

/* Begin PBXFrameworksBuildPhase section */
		10233B191D2792DC00103F57 /* Frameworks */ = {
			isa = PBXFrameworksBuildPhase;
			buildActionMask = 2147483647;
			files = (
			);
			runOnlyForDeploymentPostprocessing = 0;
		};
		10233B2D1D2792DC00103F57 /* Frameworks */ = {
			isa = PBXFrameworksBuildPhase;
			buildActionMask = 2147483647;
			files = (
			);
			runOnlyForDeploymentPostprocessing = 0;
		};
		10233B381D2792DC00103F57 /* Frameworks */ = {
			isa = PBXFrameworksBuildPhase;
			buildActionMask = 2147483647;
			files = (
			);
			runOnlyForDeploymentPostprocessing = 0;
		};
/* End PBXFrameworksBuildPhase section */

/* Begin PBXGroup section */
		10233B131D2792DC00103F57 = {
			isa = PBXGroup;
			children = (
				10233B1E1D2792DC00103F57 /* VirtualTourists */,
				10233B331D2792DC00103F57 /* VirtualTouristsTests */,
				10233B3E1D2792DC00103F57 /* VirtualTouristsUITests */,
				10233B1D1D2792DC00103F57 /* Products */,
			);
			sourceTree = "<group>";
		};
		10233B1D1D2792DC00103F57 /* Products */ = {
			isa = PBXGroup;
			children = (
				10233B1C1D2792DC00103F57 /* VirtualTourists.app */,
				10233B301D2792DC00103F57 /* VirtualTouristsTests.xctest */,
				10233B3B1D2792DC00103F57 /* VirtualTouristsUITests.xctest */,
			);
			name = Products;
			sourceTree = "<group>";
		};
		10233B1E1D2792DC00103F57 /* VirtualTourists */ = {
			isa = PBXGroup;
			children = (
				10233B691D28614800103F57 /* Controller */,
				10233B681D28611600103F57 /* Model */,
				10233B231D2792DC00103F57 /* Main.storyboard */,
				10233B6C1D28764600103F57 /* SupportingFiles */,
			);
			path = VirtualTourists;
			sourceTree = "<group>";
		};
		10233B331D2792DC00103F57 /* VirtualTouristsTests */ = {
			isa = PBXGroup;
			children = (
				10233B341D2792DC00103F57 /* VirtualTouristsTests.swift */,
				10233B361D2792DC00103F57 /* Info.plist */,
			);
			path = VirtualTouristsTests;
			sourceTree = "<group>";
		};
		10233B3E1D2792DC00103F57 /* VirtualTouristsUITests */ = {
			isa = PBXGroup;
			children = (
				10233B3F1D2792DC00103F57 /* VirtualTouristsUITests.swift */,
				10233B411D2792DC00103F57 /* Info.plist */,
			);
			path = VirtualTouristsUITests;
			sourceTree = "<group>";
		};
		10233B681D28611600103F57 /* Model */ = {
			isa = PBXGroup;
			children = (
				10233B531D27D0A900103F57 /* FlickrRequest.swift */,
				10233B6A1D2865A600103F57 /* FlickrClient.swift */,
				10233B511D27CB9700103F57 /* FlickrConstants.swift */,
				10C8209D1D2E53A900811671 /* ImageCache.swift */,
				10233B581D27E16100103F57 /* CoreDataStack.swift */,
				10233B551D27E03B00103F57 /* Model.xcdatamodeld */,
				10C8209F1D2E610000811671 /* Location+CoreDataProperties.swift */,
				10C820A01D2E610000811671 /* Location.swift */,
				10C820A11D2E610000811671 /* Photo+CoreDataProperties.swift */,
				10C820A21D2E610000811671 /* Photo.swift */,
			);
			name = Model;
			sourceTree = "<group>";
		};
		10233B691D28614800103F57 /* Controller */ = {
			isa = PBXGroup;
			children = (
				10233B4D1D2793F400103F57 /* MapViewController.swift */,
				10233B6D1D287A4C00103F57 /* PhotoAlbumViewController.swift */,
				101F4F201D2A0D4A00AF1DF6 /* PhotoCollectionViewCell.swift */,
			);
			name = Controller;
			sourceTree = "<group>";
		};
		10233B6C1D28764600103F57 /* SupportingFiles */ = {
			isa = PBXGroup;
			children = (
				10233B1F1D2792DC00103F57 /* AppDelegate.swift */,
				10233B261D2792DC00103F57 /* Assets.xcassets */,
				10233B281D2792DC00103F57 /* LaunchScreen.storyboard */,
				10233B2B1D2792DC00103F57 /* Info.plist */,
			);
			name = SupportingFiles;
			sourceTree = "<group>";
		};
/* End PBXGroup section */

/* Begin PBXNativeTarget section */
		10233B1B1D2792DC00103F57 /* VirtualTourists */ = {
			isa = PBXNativeTarget;
			buildConfigurationList = 10233B441D2792DC00103F57 /* Build configuration list for PBXNativeTarget "VirtualTourists" */;
			buildPhases = (
				10233B181D2792DC00103F57 /* Sources */,
				10233B191D2792DC00103F57 /* Frameworks */,
				10233B1A1D2792DC00103F57 /* Resources */,
			);
			buildRules = (
			);
			dependencies = (
			);
			name = VirtualTourists;
			productName = VirtualTourists;
			productReference = 10233B1C1D2792DC00103F57 /* VirtualTourists.app */;
			productType = "com.apple.product-type.application";
		};
		10233B2F1D2792DC00103F57 /* VirtualTouristsTests */ = {
			isa = PBXNativeTarget;
			buildConfigurationList = 10233B471D2792DC00103F57 /* Build configuration list for PBXNativeTarget "VirtualTouristsTests" */;
			buildPhases = (
				10233B2C1D2792DC00103F57 /* Sources */,
				10233B2D1D2792DC00103F57 /* Frameworks */,
				10233B2E1D2792DC00103F57 /* Resources */,
			);
			buildRules = (
			);
			dependencies = (
				10233B321D2792DC00103F57 /* PBXTargetDependency */,
			);
			name = VirtualTouristsTests;
			productName = VirtualTouristsTests;
			productReference = 10233B301D2792DC00103F57 /* VirtualTouristsTests.xctest */;
			productType = "com.apple.product-type.bundle.unit-test";
		};
		10233B3A1D2792DC00103F57 /* VirtualTouristsUITests */ = {
			isa = PBXNativeTarget;
			buildConfigurationList = 10233B4A1D2792DC00103F57 /* Build configuration list for PBXNativeTarget "VirtualTouristsUITests" */;
			buildPhases = (
				10233B371D2792DC00103F57 /* Sources */,
				10233B381D2792DC00103F57 /* Frameworks */,
				10233B391D2792DC00103F57 /* Resources */,
			);
			buildRules = (
			);
			dependencies = (
				10233B3D1D2792DC00103F57 /* PBXTargetDependency */,
			);
			name = VirtualTouristsUITests;
			productName = VirtualTouristsUITests;
			productReference = 10233B3B1D2792DC00103F57 /* VirtualTouristsUITests.xctest */;
			productType = "com.apple.product-type.bundle.ui-testing";
		};
/* End PBXNativeTarget section */

/* Begin PBXProject section */
		10233B141D2792DC00103F57 /* Project object */ = {
			isa = PBXProject;
			attributes = {
				LastSwiftUpdateCheck = 0730;
				LastUpgradeCheck = 0730;
				ORGANIZATIONNAME = Student;
				TargetAttributes = {
					10233B1B1D2792DC00103F57 = {
						CreatedOnToolsVersion = 7.3.1;
					};
					10233B2F1D2792DC00103F57 = {
						CreatedOnToolsVersion = 7.3.1;
						TestTargetID = 10233B1B1D2792DC00103F57;
					};
					10233B3A1D2792DC00103F57 = {
						CreatedOnToolsVersion = 7.3.1;
						TestTargetID = 10233B1B1D2792DC00103F57;
					};
				};
			};
			buildConfigurationList = 10233B171D2792DC00103F57 /* Build configuration list for PBXProject "VirtualTourists" */;
			compatibilityVersion = "Xcode 3.2";
			developmentRegion = English;
			hasScannedForEncodings = 0;
			knownRegions = (
				en,
				Base,
			);
			mainGroup = 10233B131D2792DC00103F57;
			productRefGroup = 10233B1D1D2792DC00103F57 /* Products */;
			projectDirPath = "";
			projectRoot = "";
			targets = (
				10233B1B1D2792DC00103F57 /* VirtualTourists */,
				10233B2F1D2792DC00103F57 /* VirtualTouristsTests */,
				10233B3A1D2792DC00103F57 /* VirtualTouristsUITests */,
			);
		};
/* End PBXProject section */

/* Begin PBXResourcesBuildPhase section */
		10233B1A1D2792DC00103F57 /* Resources */ = {
			isa = PBXResourcesBuildPhase;
			buildActionMask = 2147483647;
			files = (
				10233B2A1D2792DC00103F57 /* LaunchScreen.storyboard in Resources */,
				10233B271D2792DC00103F57 /* Assets.xcassets in Resources */,
				10233B251D2792DC00103F57 /* Main.storyboard in Resources */,
			);
			runOnlyForDeploymentPostprocessing = 0;
		};
		10233B2E1D2792DC00103F57 /* Resources */ = {
			isa = PBXResourcesBuildPhase;
			buildActionMask = 2147483647;
			files = (
			);
			runOnlyForDeploymentPostprocessing = 0;
		};
		10233B391D2792DC00103F57 /* Resources */ = {
			isa = PBXResourcesBuildPhase;
			buildActionMask = 2147483647;
			files = (
			);
			runOnlyForDeploymentPostprocessing = 0;
		};
/* End PBXResourcesBuildPhase section */

/* Begin PBXSourcesBuildPhase section */
		10233B181D2792DC00103F57 /* Sources */ = {
			isa = PBXSourcesBuildPhase;
			buildActionMask = 2147483647;
			files = (
				10C820A61D2E610000811671 /* Photo.swift in Sources */,
				10C8209E1D2E53A900811671 /* ImageCache.swift in Sources */,
				10C820A51D2E610000811671 /* Photo+CoreDataProperties.swift in Sources */,
				10233B591D27E16100103F57 /* CoreDataStack.swift in Sources */,
				10C820A31D2E610000811671 /* Location+CoreDataProperties.swift in Sources */,
				10233B6E1D287A4C00103F57 /* PhotoAlbumViewController.swift in Sources */,
				10233B521D27CB9700103F57 /* FlickrConstants.swift in Sources */,
				10233B201D2792DC00103F57 /* AppDelegate.swift in Sources */,
				10233B541D27D0A900103F57 /* FlickrRequest.swift in Sources */,
				10233B4E1D2793F400103F57 /* MapViewController.swift in Sources */,
				10233B571D27E03B00103F57 /* Model.xcdatamodeld in Sources */,
				101F4F211D2A0D4A00AF1DF6 /* PhotoCollectionViewCell.swift in Sources */,
				10C820A41D2E610000811671 /* Location.swift in Sources */,
				10233B6B1D2865A600103F57 /* FlickrClient.swift in Sources */,
			);
			runOnlyForDeploymentPostprocessing = 0;
		};
		10233B2C1D2792DC00103F57 /* Sources */ = {
			isa = PBXSourcesBuildPhase;
			buildActionMask = 2147483647;
			files = (
				10233B351D2792DC00103F57 /* VirtualTouristsTests.swift in Sources */,
			);
			runOnlyForDeploymentPostprocessing = 0;
		};
		10233B371D2792DC00103F57 /* Sources */ = {
			isa = PBXSourcesBuildPhase;
			buildActionMask = 2147483647;
			files = (
				10233B401D2792DC00103F57 /* VirtualTouristsUITests.swift in Sources */,
			);
			runOnlyForDeploymentPostprocessing = 0;
		};
/* End PBXSourcesBuildPhase section */

/* Begin PBXTargetDependency section */
		10233B321D2792DC00103F57 /* PBXTargetDependency */ = {
			isa = PBXTargetDependency;
			target = 10233B1B1D2792DC00103F57 /* VirtualTourists */;
			targetProxy = 10233B311D2792DC00103F57 /* PBXContainerItemProxy */;
		};
		10233B3D1D2792DC00103F57 /* PBXTargetDependency */ = {
			isa = PBXTargetDependency;
			target = 10233B1B1D2792DC00103F57 /* VirtualTourists */;
			targetProxy = 10233B3C1D2792DC00103F57 /* PBXContainerItemProxy */;
		};
/* End PBXTargetDependency section */

/* Begin PBXVariantGroup section */
		10233B231D2792DC00103F57 /* Main.storyboard */ = {
			isa = PBXVariantGroup;
			children = (
				10233B241D2792DC00103F57 /* Base */,
			);
			name = Main.storyboard;
			sourceTree = "<group>";
		};
		10233B281D2792DC00103F57 /* LaunchScreen.storyboard */ = {
			isa = PBXVariantGroup;
			children = (
				10233B291D2792DC00103F57 /* Base */,
			);
			name = LaunchScreen.storyboard;
			sourceTree = "<group>";
		};
/* End PBXVariantGroup section */

/* Begin XCBuildConfiguration section */
		10233B421D2792DC00103F57 /* Debug */ = {
			isa = XCBuildConfiguration;
			buildSettings = {
				ALWAYS_SEARCH_USER_PATHS = NO;
				CLANG_ANALYZER_NONNULL = YES;
				CLANG_CXX_LANGUAGE_STANDARD = "gnu++0x";
				CLANG_CXX_LIBRARY = "libc++";
				CLANG_ENABLE_MODULES = YES;
				CLANG_ENABLE_OBJC_ARC = YES;
				CLANG_WARN_BOOL_CONVERSION = YES;
				CLANG_WARN_CONSTANT_CONVERSION = YES;
				CLANG_WARN_DIRECT_OBJC_ISA_USAGE = YES_ERROR;
				CLANG_WARN_EMPTY_BODY = YES;
				CLANG_WARN_ENUM_CONVERSION = YES;
				CLANG_WARN_INT_CONVERSION = YES;
				CLANG_WARN_OBJC_ROOT_CLASS = YES_ERROR;
				CLANG_WARN_UNREACHABLE_CODE = YES;
				CLANG_WARN__DUPLICATE_METHOD_MATCH = YES;
				"CODE_SIGN_IDENTITY[sdk=iphoneos*]" = "iPhone Developer";
				COPY_PHASE_STRIP = NO;
				DEBUG_INFORMATION_FORMAT = dwarf;
				ENABLE_STRICT_OBJC_MSGSEND = YES;
				ENABLE_TESTABILITY = YES;
				GCC_C_LANGUAGE_STANDARD = gnu99;
				GCC_DYNAMIC_NO_PIC = NO;
				GCC_NO_COMMON_BLOCKS = YES;
				GCC_OPTIMIZATION_LEVEL = 0;
				GCC_PREPROCESSOR_DEFINITIONS = (
					"DEBUG=1",
					"$(inherited)",
				);
				GCC_WARN_64_TO_32_BIT_CONVERSION = YES;
				GCC_WARN_ABOUT_RETURN_TYPE = YES_ERROR;
				GCC_WARN_UNDECLARED_SELECTOR = YES;
				GCC_WARN_UNINITIALIZED_AUTOS = YES_AGGRESSIVE;
				GCC_WARN_UNUSED_FUNCTION = YES;
				GCC_WARN_UNUSED_VARIABLE = YES;
				IPHONEOS_DEPLOYMENT_TARGET = 9.3;
				MTL_ENABLE_DEBUG_INFO = YES;
				ONLY_ACTIVE_ARCH = YES;
				SDKROOT = iphoneos;
				SWIFT_OPTIMIZATION_LEVEL = "-Onone";
				TARGETED_DEVICE_FAMILY = "1,2";
			};
			name = Debug;
		};
		10233B431D2792DC00103F57 /* Release */ = {
			isa = XCBuildConfiguration;
			buildSettings = {
				ALWAYS_SEARCH_USER_PATHS = NO;
				CLANG_ANALYZER_NONNULL = YES;
				CLANG_CXX_LANGUAGE_STANDARD = "gnu++0x";
				CLANG_CXX_LIBRARY = "libc++";
				CLANG_ENABLE_MODULES = YES;
				CLANG_ENABLE_OBJC_ARC = YES;
				CLANG_WARN_BOOL_CONVERSION = YES;
				CLANG_WARN_CONSTANT_CONVERSION = YES;
				CLANG_WARN_DIRECT_OBJC_ISA_USAGE = YES_ERROR;
				CLANG_WARN_EMPTY_BODY = YES;
				CLANG_WARN_ENUM_CONVERSION = YES;
				CLANG_WARN_INT_CONVERSION = YES;
				CLANG_WARN_OBJC_ROOT_CLASS = YES_ERROR;
				CLANG_WARN_UNREACHABLE_CODE = YES;
				CLANG_WARN__DUPLICATE_METHOD_MATCH = YES;
				"CODE_SIGN_IDENTITY[sdk=iphoneos*]" = "iPhone Developer";
				COPY_PHASE_STRIP = NO;
				DEBUG_INFORMATION_FORMAT = "dwarf-with-dsym";
				ENABLE_NS_ASSERTIONS = NO;
				ENABLE_STRICT_OBJC_MSGSEND = YES;
				GCC_C_LANGUAGE_STANDARD = gnu99;
				GCC_NO_COMMON_BLOCKS = YES;
				GCC_WARN_64_TO_32_BIT_CONVERSION = YES;
				GCC_WARN_ABOUT_RETURN_TYPE = YES_ERROR;
				GCC_WARN_UNDECLARED_SELECTOR = YES;
				GCC_WARN_UNINITIALIZED_AUTOS = YES_AGGRESSIVE;
				GCC_WARN_UNUSED_FUNCTION = YES;
				GCC_WARN_UNUSED_VARIABLE = YES;
				IPHONEOS_DEPLOYMENT_TARGET = 9.3;
				MTL_ENABLE_DEBUG_INFO = NO;
				SDKROOT = iphoneos;
				TARGETED_DEVICE_FAMILY = "1,2";
				VALIDATE_PRODUCT = YES;
			};
			name = Release;
		};
		10233B451D2792DC00103F57 /* Debug */ = {
			isa = XCBuildConfiguration;
			buildSettings = {
				ASSETCATALOG_COMPILER_APPICON_NAME = AppIcon;
				INFOPLIST_FILE = VirtualTourists/Info.plist;
				LD_RUNPATH_SEARCH_PATHS = "$(inherited) @executable_path/Frameworks";
				PRODUCT_BUNDLE_IDENTIFIER = CIS.VirtualTourists;
				PRODUCT_NAME = "$(TARGET_NAME)";
			};
			name = Debug;
		};
		10233B461D2792DC00103F57 /* Release */ = {
			isa = XCBuildConfiguration;
			buildSettings = {
				ASSETCATALOG_COMPILER_APPICON_NAME = AppIcon;
				INFOPLIST_FILE = VirtualTourists/Info.plist;
				LD_RUNPATH_SEARCH_PATHS = "$(inherited) @executable_path/Frameworks";
				PRODUCT_BUNDLE_IDENTIFIER = CIS.VirtualTourists;
				PRODUCT_NAME = "$(TARGET_NAME)";
			};
			name = Release;
		};
		10233B481D2792DC00103F57 /* Debug */ = {
			isa = XCBuildConfiguration;
			buildSettings = {
				BUNDLE_LOADER = "$(TEST_HOST)";
				INFOPLIST_FILE = VirtualTouristsTests/Info.plist;
				LD_RUNPATH_SEARCH_PATHS = "$(inherited) @executable_path/Frameworks @loader_path/Frameworks";
				PRODUCT_BUNDLE_IDENTIFIER = CIS.VirtualTouristsTests;
				PRODUCT_NAME = "$(TARGET_NAME)";
				TEST_HOST = "$(BUILT_PRODUCTS_DIR)/VirtualTourists.app/VirtualTourists";
			};
			name = Debug;
		};
		10233B491D2792DC00103F57 /* Release */ = {
			isa = XCBuildConfiguration;
			buildSettings = {
				BUNDLE_LOADER = "$(TEST_HOST)";
				INFOPLIST_FILE = VirtualTouristsTests/Info.plist;
				LD_RUNPATH_SEARCH_PATHS = "$(inherited) @executable_path/Frameworks @loader_path/Frameworks";
				PRODUCT_BUNDLE_IDENTIFIER = CIS.VirtualTouristsTests;
				PRODUCT_NAME = "$(TARGET_NAME)";
				TEST_HOST = "$(BUILT_PRODUCTS_DIR)/VirtualTourists.app/VirtualTourists";
			};
			name = Release;
		};
		10233B4B1D2792DC00103F57 /* Debug */ = {
			isa = XCBuildConfiguration;
			buildSettings = {
				INFOPLIST_FILE = VirtualTouristsUITests/Info.plist;
				LD_RUNPATH_SEARCH_PATHS = "$(inherited) @executable_path/Frameworks @loader_path/Frameworks";
				PRODUCT_BUNDLE_IDENTIFIER = CIS.VirtualTouristsUITests;
				PRODUCT_NAME = "$(TARGET_NAME)";
				TEST_TARGET_NAME = VirtualTourists;
			};
			name = Debug;
		};
		10233B4C1D2792DC00103F57 /* Release */ = {
			isa = XCBuildConfiguration;
			buildSettings = {
				INFOPLIST_FILE = VirtualTouristsUITests/Info.plist;
				LD_RUNPATH_SEARCH_PATHS = "$(inherited) @executable_path/Frameworks @loader_path/Frameworks";
				PRODUCT_BUNDLE_IDENTIFIER = CIS.VirtualTouristsUITests;
				PRODUCT_NAME = "$(TARGET_NAME)";
				TEST_TARGET_NAME = VirtualTourists;
			};
			name = Release;
		};
/* End XCBuildConfiguration section */

/* Begin XCConfigurationList section */
		10233B171D2792DC00103F57 /* Build configuration list for PBXProject "VirtualTourists" */ = {
			isa = XCConfigurationList;
			buildConfigurations = (
				10233B421D2792DC00103F57 /* Debug */,
				10233B431D2792DC00103F57 /* Release */,
			);
			defaultConfigurationIsVisible = 0;
			defaultConfigurationName = Release;
		};
		10233B441D2792DC00103F57 /* Build configuration list for PBXNativeTarget "VirtualTourists" */ = {
			isa = XCConfigurationList;
			buildConfigurations = (
				10233B451D2792DC00103F57 /* Debug */,
				10233B461D2792DC00103F57 /* Release */,
			);
			defaultConfigurationIsVisible = 0;
			defaultConfigurationName = Release;
		};
		10233B471D2792DC00103F57 /* Build configuration list for PBXNativeTarget "VirtualTouristsTests" */ = {
			isa = XCConfigurationList;
			buildConfigurations = (
				10233B481D2792DC00103F57 /* Debug */,
				10233B491D2792DC00103F57 /* Release */,
			);
			defaultConfigurationIsVisible = 0;
			defaultConfigurationName = Release;
		};
		10233B4A1D2792DC00103F57 /* Build configuration list for PBXNativeTarget "VirtualTouristsUITests" */ = {
			isa = XCConfigurationList;
			buildConfigurations = (
				10233B4B1D2792DC00103F57 /* Debug */,
				10233B4C1D2792DC00103F57 /* Release */,
			);
			defaultConfigurationIsVisible = 0;
			defaultConfigurationName = Release;
		};
/* End XCConfigurationList section */

/* Begin XCVersionGroup section */
		10233B551D27E03B00103F57 /* Model.xcdatamodeld */ = {
			isa = XCVersionGroup;
			children = (
				101F4F221D2A5B9E00AF1DF6 /* Model 2.xcdatamodel */,
				10233B561D27E03B00103F57 /* Model.xcdatamodel */,
			);
			currentVersion = 101F4F221D2A5B9E00AF1DF6 /* Model 2.xcdatamodel */;
			path = Model.xcdatamodeld;
			sourceTree = "<group>";
			versionGroupType = wrapper.xcdatamodel;
		};
/* End XCVersionGroup section */
	};
	rootObject = 10233B141D2792DC00103F57 /* Project object */;
}
